
Microsoft Visual Studio Solution File, Format Version 12.00
# Visual Studio 15
VisualStudioVersion = 15.0.26403.7
MinimumVisualStudioVersion = 10.0.40219.1
Project("{2150E333-8FDC-42A3-9474-1A3956D46DE8}") = "01.Common", "01.Common", "{84692553-855B-4384-9D7B-A0C085810F34}"
EndProject
Project("{2150E333-8FDC-42A3-9474-1A3956D46DE8}") = "02.ServiceReference", "02.ServiceReference", "{72FEC224-5140-4484-8071-85E2C0AFE9EC}"
EndProject
Project("{2150E333-8FDC-42A3-9474-1A3956D46DE8}") = "Ref", "Ref", "{20832D7E-6EF3-4D64-9392-8AE5BAB399E0}"
EndProject
Project("{2150E333-8FDC-42A3-9474-1A3956D46DE8}") = "03.DataAccess", "03.DataAccess", "{F9F5865B-0431-4FA3-A6ED-D18644FD4D27}"
EndProject
Project("{2150E333-8FDC-42A3-9474-1A3956D46DE8}") = "04.SoftPhone", "04.SoftPhone", "{811345CA-4176-47B0-ADA0-84F41750ACC9}"
EndProject
Project("{2150E333-8FDC-42A3-9474-1A3956D46DE8}") = "05.SoftPhoneInterface", "05.SoftPhoneInterface", "{9BD38749-9203-4CAB-8BA3-A0FECB676D7B}"
EndProject
Project("{FAE04EC0-301F-11D3-BF4B-00C04F79EFBC}") = "Tele.Common", "Tele.Common\Tele.Common.csproj", "{780C5E02-8E9A-4F36-8B26-6D2C5B0395C3}"
EndProject
Project("{FAE04EC0-301F-11D3-BF4B-00C04F79EFBC}") = "VoiceOCX", "VoiceOCX\VoiceOCX.csproj", "{192C1062-AE82-43B3-AB62-AABF42D3D6BF}"
EndProject
Project("{FAE04EC0-301F-11D3-BF4B-00C04F79EFBC}") = "PhoneInterface", "PhoneInterface\PhoneInterface.csproj", "{CA8B90BA-D384-4582-82CC-0273E9C26438}"
EndProject
Project("{FAE04EC0-301F-11D3-BF4B-00C04F79EFBC}") = "Tele.DataLibrary", "Tele.DataLibrary\Tele.DataLibrary.csproj", "{8B2261C8-E47D-4209-B45D-E812E85F334D}"
EndProject
Project("{FAE04EC0-301F-11D3-BF4B-00C04F79EFBC}") = "Tele.ServiceReference", "Tele.ServiceReference\Tele.ServiceReference.csproj", "{BD9B2B3A-98F3-4D74-8CC5-7768D500317A}"
	ProjectSection(ProjectDependencies) = postProject
		{8BEB475A-E4AC-4BB8-B7F6-3AFD109D695D} = {8BEB475A-E4AC-4BB8-B7F6-3AFD109D695D}
	EndProjectSection
EndProject
Project("{FAE04EC0-301F-11D3-BF4B-00C04F79EFBC}") = "SoftPhone.Business", "SoftPhone.Business\SoftPhone.Business.csproj", "{C8C5A2D0-135A-49F5-9159-AB251352F1F5}"
EndProject
Project("{FAE04EC0-301F-11D3-BF4B-00C04F79EFBC}") = "SoftPhone.Entity", "SoftPhone.Entity\SoftPhone.Entity.csproj", "{1BD9A071-F4CB-4CCD-9D57-77D597E3A759}"
EndProject
Project("{2150E333-8FDC-42A3-9474-1A3956D46DE8}") = "06.WebService", "06.WebService", "{2F0D23B3-13BA-431B-9085-ECF6122C6DEC}"
EndProject
Project("{FAE04EC0-301F-11D3-BF4B-00C04F79EFBC}") = "SoftPhoneService", "SoftPhoneService\SoftPhoneService.csproj", "{8BEB475A-E4AC-4BB8-B7F6-3AFD109D695D}"
EndProject
Project("{2150E333-8FDC-42A3-9474-1A3956D46DE8}") = "07.Chat", "07.Chat", "{E6C034D9-08EB-4D50-876A-2C7DEFA991FF}"
EndProject
Project("{FAE04EC0-301F-11D3-BF4B-00C04F79EFBC}") = "Chat.AgentInterface", "Chat.AgentInterface\Chat.AgentInterface.csproj", "{4C504FC9-96FA-47C3-877D-EAD43919F22E}"
EndProject
Project("{FAE04EC0-301F-11D3-BF4B-00C04F79EFBC}") = "ChatService", "AgentClient\ChatService.csproj", "{F2D6F951-234E-49B6-9345-EA08289C5D2C}"
EndProject
Project("{FAE04EC0-301F-11D3-BF4B-00C04F79EFBC}") = "CustomerClient", "CustomerClient\CustomerClient.csproj", "{26E0D5A2-7DEE-40B9-BDD9-73609E79A4A1}"
EndProject
Project("{FAE04EC0-301F-11D3-BF4B-00C04F79EFBC}") = "Chat.Common", "Chat.Common\Chat.Common.csproj", "{BDBC3A19-F7CA-4C54-9073-DD46A3E5E589}"
EndProject
Project("{FAE04EC0-301F-11D3-BF4B-00C04F79EFBC}") = "SoftPhone.Repository", "Softphone.Repository\SoftPhone.Repository.csproj", "{2D50DF76-D3C9-41AF-924A-D2B7ACD08501}"
EndProject
Project("{FAE04EC0-301F-11D3-BF4B-00C04F79EFBC}") = "TeleManagement", "TeleManagement\TeleManagement.csproj", "{F79B7D6B-843E-4FFF-A78F-2B1BD07CFF0B}"
EndProject
Project("{FAE04EC0-301F-11D3-BF4B-00C04F79EFBC}") = "SoftPhoneDbService", "SoftPhoneDbService\SoftPhoneDbService.csproj", "{1324F4CA-C6CF-46E3-A9CD-C73891772446}"
EndProject
Project("{FAE04EC0-301F-11D3-BF4B-00C04F79EFBC}") = "CCSoftPhoneToolBar", "CCSoftPhoneToolBar\CCSoftPhoneToolBar.csproj", "{203BC5B3-FB8B-45D6-AFC3-317E7C25C0D1}"
EndProject
Project("{FAE04EC0-301F-11D3-BF4B-00C04F79EFBC}") = "ChatTest", "ChatTest\ChatTest.csproj", "{4CBDA668-FDD4-451D-B464-D597CEC6055B}"
EndProject
Project("{FAE04EC0-301F-11D3-BF4B-00C04F79EFBC}") = "OCSService", "OCSService\OCSService.csproj", "{CC85E4FB-2CAA-425D-8724-F38DD6B8D4F5}"
EndProject
Global
	GlobalSection(SolutionConfigurationPlatforms) = preSolution
		Debug|Any CPU = Debug|Any CPU
		Debug|Mixed Platforms = Debug|Mixed Platforms
		Debug|x86 = Debug|x86
		Release|Any CPU = Release|Any CPU
		Release|Mixed Platforms = Release|Mixed Platforms
		Release|x86 = Release|x86
	EndGlobalSection
	GlobalSection(ProjectConfigurationPlatforms) = postSolution
		{780C5E02-8E9A-4F36-8B26-6D2C5B0395C3}.Debug|Any CPU.ActiveCfg = Debug|Any CPU
		{780C5E02-8E9A-4F36-8B26-6D2C5B0395C3}.Debug|Any CPU.Build.0 = Debug|Any CPU
		{780C5E02-8E9A-4F36-8B26-6D2C5B0395C3}.Debug|Mixed Platforms.ActiveCfg = Debug|Any CPU
		{780C5E02-8E9A-4F36-8B26-6D2C5B0395C3}.Debug|Mixed Platforms.Build.0 = Debug|Any CPU
		{780C5E02-8E9A-4F36-8B26-6D2C5B0395C3}.Debug|x86.ActiveCfg = Debug|Any CPU
		{780C5E02-8E9A-4F36-8B26-6D2C5B0395C3}.Release|Any CPU.ActiveCfg = Release|Any CPU
		{780C5E02-8E9A-4F36-8B26-6D2C5B0395C3}.Release|Any CPU.Build.0 = Release|Any CPU
		{780C5E02-8E9A-4F36-8B26-6D2C5B0395C3}.Release|Mixed Platforms.ActiveCfg = Release|Any CPU
		{780C5E02-8E9A-4F36-8B26-6D2C5B0395C3}.Release|Mixed Platforms.Build.0 = Release|Any CPU
		{780C5E02-8E9A-4F36-8B26-6D2C5B0395C3}.Release|x86.ActiveCfg = Release|Any CPU
		{192C1062-AE82-43B3-AB62-AABF42D3D6BF}.Debug|Any CPU.ActiveCfg = Debug|Any CPU
		{192C1062-AE82-43B3-AB62-AABF42D3D6BF}.Debug|Any CPU.Build.0 = Debug|Any CPU
		{192C1062-AE82-43B3-AB62-AABF42D3D6BF}.Debug|Mixed Platforms.ActiveCfg = Debug|Any CPU
		{192C1062-AE82-43B3-AB62-AABF42D3D6BF}.Debug|Mixed Platforms.Build.0 = Debug|Any CPU
		{192C1062-AE82-43B3-AB62-AABF42D3D6BF}.Debug|x86.ActiveCfg = Debug|Any CPU
		{192C1062-AE82-43B3-AB62-AABF42D3D6BF}.Release|Any CPU.ActiveCfg = Release|Any CPU
		{192C1062-AE82-43B3-AB62-AABF42D3D6BF}.Release|Any CPU.Build.0 = Release|Any CPU
		{192C1062-AE82-43B3-AB62-AABF42D3D6BF}.Release|Mixed Platforms.ActiveCfg = Release|Any CPU
		{192C1062-AE82-43B3-AB62-AABF42D3D6BF}.Release|Mixed Platforms.Build.0 = Release|Any CPU
		{192C1062-AE82-43B3-AB62-AABF42D3D6BF}.Release|x86.ActiveCfg = Release|Any CPU
		{CA8B90BA-D384-4582-82CC-0273E9C26438}.Debug|Any CPU.ActiveCfg = Debug|Any CPU
		{CA8B90BA-D384-4582-82CC-0273E9C26438}.Debug|Any CPU.Build.0 = Debug|Any CPU
		{CA8B90BA-D384-4582-82CC-0273E9C26438}.Debug|Mixed Platforms.ActiveCfg = Debug|Any CPU
		{CA8B90BA-D384-4582-82CC-0273E9C26438}.Debug|Mixed Platforms.Build.0 = Debug|Any CPU
		{CA8B90BA-D384-4582-82CC-0273E9C26438}.Debug|x86.ActiveCfg = Debug|Any CPU
		{CA8B90BA-D384-4582-82CC-0273E9C26438}.Release|Any CPU.ActiveCfg = Release|Any CPU
		{CA8B90BA-D384-4582-82CC-0273E9C26438}.Release|Any CPU.Build.0 = Release|Any CPU
		{CA8B90BA-D384-4582-82CC-0273E9C26438}.Release|Mixed Platforms.ActiveCfg = Release|Any CPU
		{CA8B90BA-D384-4582-82CC-0273E9C26438}.Release|Mixed Platforms.Build.0 = Release|Any CPU
		{CA8B90BA-D384-4582-82CC-0273E9C26438}.Release|x86.ActiveCfg = Release|Any CPU
		{8B2261C8-E47D-4209-B45D-E812E85F334D}.Debug|Any CPU.ActiveCfg = Debug|Any CPU
		{8B2261C8-E47D-4209-B45D-E812E85F334D}.Debug|Any CPU.Build.0 = Debug|Any CPU
		{8B2261C8-E47D-4209-B45D-E812E85F334D}.Debug|Mixed Platforms.ActiveCfg = Debug|Any CPU
		{8B2261C8-E47D-4209-B45D-E812E85F334D}.Debug|Mixed Platforms.Build.0 = Debug|Any CPU
		{8B2261C8-E47D-4209-B45D-E812E85F334D}.Debug|x86.ActiveCfg = Debug|Any CPU
		{8B2261C8-E47D-4209-B45D-E812E85F334D}.Release|Any CPU.ActiveCfg = Release|Any CPU
		{8B2261C8-E47D-4209-B45D-E812E85F334D}.Release|Any CPU.Build.0 = Release|Any CPU
		{8B2261C8-E47D-4209-B45D-E812E85F334D}.Release|Mixed Platforms.ActiveCfg = Release|Any CPU
		{8B2261C8-E47D-4209-B45D-E812E85F334D}.Release|Mixed Platforms.Build.0 = Release|Any CPU
		{8B2261C8-E47D-4209-B45D-E812E85F334D}.Release|x86.ActiveCfg = Release|Any CPU
		{BD9B2B3A-98F3-4D74-8CC5-7768D500317A}.Debug|Any CPU.ActiveCfg = Debug|Any CPU
		{BD9B2B3A-98F3-4D74-8CC5-7768D500317A}.Debug|Any CPU.Build.0 = Debug|Any CPU
		{BD9B2B3A-98F3-4D74-8CC5-7768D500317A}.Debug|Mixed Platforms.ActiveCfg = Debug|Any CPU
		{BD9B2B3A-98F3-4D74-8CC5-7768D500317A}.Debug|Mixed Platforms.Build.0 = Debug|Any CPU
		{BD9B2B3A-98F3-4D74-8CC5-7768D500317A}.Debug|x86.ActiveCfg = Debug|Any CPU
		{BD9B2B3A-98F3-4D74-8CC5-7768D500317A}.Release|Any CPU.ActiveCfg = Release|Any CPU
		{BD9B2B3A-98F3-4D74-8CC5-7768D500317A}.Release|Any CPU.Build.0 = Release|Any CPU
		{BD9B2B3A-98F3-4D74-8CC5-7768D500317A}.Release|Mixed Platforms.ActiveCfg = Release|Any CPU
		{BD9B2B3A-98F3-4D74-8CC5-7768D500317A}.Release|Mixed Platforms.Build.0 = Release|Any CPU
		{BD9B2B3A-98F3-4D74-8CC5-7768D500317A}.Release|x86.ActiveCfg = Release|Any CPU
		{C8C5A2D0-135A-49F5-9159-AB251352F1F5}.Debug|Any CPU.ActiveCfg = Debug|Any CPU
		{C8C5A2D0-135A-49F5-9159-AB251352F1F5}.Debug|Any CPU.Build.0 = Debug|Any CPU
		{C8C5A2D0-135A-49F5-9159-AB251352F1F5}.Debug|Mixed Platforms.ActiveCfg = Debug|Any CPU
		{C8C5A2D0-135A-49F5-9159-AB251352F1F5}.Debug|Mixed Platforms.Build.0 = Debug|Any CPU
		{C8C5A2D0-135A-49F5-9159-AB251352F1F5}.Debug|x86.ActiveCfg = Debug|Any CPU
		{C8C5A2D0-135A-49F5-9159-AB251352F1F5}.Release|Any CPU.ActiveCfg = Release|Any CPU
		{C8C5A2D0-135A-49F5-9159-AB251352F1F5}.Release|Any CPU.Build.0 = Release|Any CPU
		{C8C5A2D0-135A-49F5-9159-AB251352F1F5}.Release|Mixed Platforms.ActiveCfg = Release|Any CPU
		{C8C5A2D0-135A-49F5-9159-AB251352F1F5}.Release|Mixed Platforms.Build.0 = Release|Any CPU
		{C8C5A2D0-135A-49F5-9159-AB251352F1F5}.Release|x86.ActiveCfg = Release|Any CPU
		{1BD9A071-F4CB-4CCD-9D57-77D597E3A759}.Debug|Any CPU.ActiveCfg = Debug|Any CPU
		{1BD9A071-F4CB-4CCD-9D57-77D597E3A759}.Debug|Any CPU.Build.0 = Debug|Any CPU
		{1BD9A071-F4CB-4CCD-9D57-77D597E3A759}.Debug|Mixed Platforms.ActiveCfg = Debug|Any CPU
		{1BD9A071-F4CB-4CCD-9D57-77D597E3A759}.Debug|Mixed Platforms.Build.0 = Debug|Any CPU
		{1BD9A071-F4CB-4CCD-9D57-77D597E3A759}.Debug|x86.ActiveCfg = Debug|Any CPU
		{1BD9A071-F4CB-4CCD-9D57-77D597E3A759}.Release|Any CPU.ActiveCfg = Release|Any CPU
		{1BD9A071-F4CB-4CCD-9D57-77D597E3A759}.Release|Any CPU.Build.0 = Release|Any CPU
		{1BD9A071-F4CB-4CCD-9D57-77D597E3A759}.Release|Mixed Platforms.ActiveCfg = Release|Any CPU
		{1BD9A071-F4CB-4CCD-9D57-77D597E3A759}.Release|Mixed Platforms.Build.0 = Release|Any CPU
		{1BD9A071-F4CB-4CCD-9D57-77D597E3A759}.Release|x86.ActiveCfg = Release|Any CPU
		{8BEB475A-E4AC-4BB8-B7F6-3AFD109D695D}.Debug|Any CPU.ActiveCfg = Debug|Any CPU
		{8BEB475A-E4AC-4BB8-B7F6-3AFD109D695D}.Debug|Any CPU.Build.0 = Debug|Any CPU
		{8BEB475A-E4AC-4BB8-B7F6-3AFD109D695D}.Debug|Mixed Platforms.ActiveCfg = Debug|Any CPU
		{8BEB475A-E4AC-4BB8-B7F6-3AFD109D695D}.Debug|Mixed Platforms.Build.0 = Debug|Any CPU
		{8BEB475A-E4AC-4BB8-B7F6-3AFD109D695D}.Debug|x86.ActiveCfg = Debug|Any CPU
		{8BEB475A-E4AC-4BB8-B7F6-3AFD109D695D}.Release|Any CPU.ActiveCfg = Release|Any CPU
		{8BEB475A-E4AC-4BB8-B7F6-3AFD109D695D}.Release|Any CPU.Build.0 = Release|Any CPU
		{8BEB475A-E4AC-4BB8-B7F6-3AFD109D695D}.Release|Mixed Platforms.ActiveCfg = Release|Any CPU
		{8BEB475A-E4AC-4BB8-B7F6-3AFD109D695D}.Release|Mixed Platforms.Build.0 = Release|Any CPU
		{8BEB475A-E4AC-4BB8-B7F6-3AFD109D695D}.Release|x86.ActiveCfg = Release|Any CPU
		{4C504FC9-96FA-47C3-877D-EAD43919F22E}.Debug|Any CPU.ActiveCfg = Debug|Any CPU
		{4C504FC9-96FA-47C3-877D-EAD43919F22E}.Debug|Any CPU.Build.0 = Debug|Any CPU
		{4C504FC9-96FA-47C3-877D-EAD43919F22E}.Debug|Mixed Platforms.ActiveCfg = Debug|Any CPU
		{4C504FC9-96FA-47C3-877D-EAD43919F22E}.Debug|Mixed Platforms.Build.0 = Debug|Any CPU
		{4C504FC9-96FA-47C3-877D-EAD43919F22E}.Debug|x86.ActiveCfg = Debug|Any CPU
		{4C504FC9-96FA-47C3-877D-EAD43919F22E}.Release|Any CPU.ActiveCfg = Release|Any CPU
		{4C504FC9-96FA-47C3-877D-EAD43919F22E}.Release|Any CPU.Build.0 = Release|Any CPU
		{4C504FC9-96FA-47C3-877D-EAD43919F22E}.Release|Mixed Platforms.ActiveCfg = Release|Any CPU
		{4C504FC9-96FA-47C3-877D-EAD43919F22E}.Release|Mixed Platforms.Build.0 = Release|Any CPU
		{4C504FC9-96FA-47C3-877D-EAD43919F22E}.Release|x86.ActiveCfg = Release|Any CPU
		{F2D6F951-234E-49B6-9345-EA08289C5D2C}.Debug|Any CPU.ActiveCfg = Debug|Any CPU
		{F2D6F951-234E-49B6-9345-EA08289C5D2C}.Debug|Any CPU.Build.0 = Debug|Any CPU
		{F2D6F951-234E-49B6-9345-EA08289C5D2C}.Debug|Mixed Platforms.ActiveCfg = Debug|Any CPU
		{F2D6F951-234E-49B6-9345-EA08289C5D2C}.Debug|Mixed Platforms.Build.0 = Debug|Any CPU
		{F2D6F951-234E-49B6-9345-EA08289C5D2C}.Debug|x86.ActiveCfg = Debug|Any CPU
		{F2D6F951-234E-49B6-9345-EA08289C5D2C}.Release|Any CPU.ActiveCfg = Release|Any CPU
		{F2D6F951-234E-49B6-9345-EA08289C5D2C}.Release|Any CPU.Build.0 = Release|Any CPU
		{F2D6F951-234E-49B6-9345-EA08289C5D2C}.Release|Mixed Platforms.ActiveCfg = Release|Any CPU
		{F2D6F951-234E-49B6-9345-EA08289C5D2C}.Release|Mixed Platforms.Build.0 = Release|Any CPU
		{F2D6F951-234E-49B6-9345-EA08289C5D2C}.Release|x86.ActiveCfg = Release|Any CPU
		{26E0D5A2-7DEE-40B9-BDD9-73609E79A4A1}.Debug|Any CPU.ActiveCfg = Debug|Any CPU
		{26E0D5A2-7DEE-40B9-BDD9-73609E79A4A1}.Debug|Any CPU.Build.0 = Debug|Any CPU
		{26E0D5A2-7DEE-40B9-BDD9-73609E79A4A1}.Debug|Mixed Platforms.ActiveCfg = Debug|Any CPU
		{26E0D5A2-7DEE-40B9-BDD9-73609E79A4A1}.Debug|Mixed Platforms.Build.0 = Debug|Any CPU
		{26E0D5A2-7DEE-40B9-BDD9-73609E79A4A1}.Debug|x86.ActiveCfg = Debug|Any CPU
		{26E0D5A2-7DEE-40B9-BDD9-73609E79A4A1}.Release|Any CPU.ActiveCfg = Release|Any CPU
		{26E0D5A2-7DEE-40B9-BDD9-73609E79A4A1}.Release|Any CPU.Build.0 = Release|Any CPU
		{26E0D5A2-7DEE-40B9-BDD9-73609E79A4A1}.Release|Mixed Platforms.ActiveCfg = Release|Any CPU
		{26E0D5A2-7DEE-40B9-BDD9-73609E79A4A1}.Release|Mixed Platforms.Build.0 = Release|Any CPU
		{26E0D5A2-7DEE-40B9-BDD9-73609E79A4A1}.Release|x86.ActiveCfg = Release|Any CPU
		{BDBC3A19-F7CA-4C54-9073-DD46A3E5E589}.Debug|Any CPU.ActiveCfg = Debug|Any CPU
		{BDBC3A19-F7CA-4C54-9073-DD46A3E5E589}.Debug|Any CPU.Build.0 = Debug|Any CPU
		{BDBC3A19-F7CA-4C54-9073-DD46A3E5E589}.Debug|Mixed Platforms.ActiveCfg = Debug|Any CPU
		{BDBC3A19-F7CA-4C54-9073-DD46A3E5E589}.Debug|Mixed Platforms.Build.0 = Debug|Any CPU
		{BDBC3A19-F7CA-4C54-9073-DD46A3E5E589}.Debug|x86.ActiveCfg = Debug|Any CPU
		{BDBC3A19-F7CA-4C54-9073-DD46A3E5E589}.Release|Any CPU.ActiveCfg = Release|Any CPU
		{BDBC3A19-F7CA-4C54-9073-DD46A3E5E589}.Release|Any CPU.Build.0 = Release|Any CPU
		{BDBC3A19-F7CA-4C54-9073-DD46A3E5E589}.Release|Mixed Platforms.ActiveCfg = Release|Any CPU
		{BDBC3A19-F7CA-4C54-9073-DD46A3E5E589}.Release|Mixed Platforms.Build.0 = Release|Any CPU
		{BDBC3A19-F7CA-4C54-9073-DD46A3E5E589}.Release|x86.ActiveCfg = Release|Any CPU
		{2D50DF76-D3C9-41AF-924A-D2B7ACD08501}.Debug|Any CPU.ActiveCfg = Debug|Any CPU
		{2D50DF76-D3C9-41AF-924A-D2B7ACD08501}.Debug|Any CPU.Build.0 = Debug|Any CPU
		{2D50DF76-D3C9-41AF-924A-D2B7ACD08501}.Debug|Mixed Platforms.ActiveCfg = Debug|Any CPU
		{2D50DF76-D3C9-41AF-924A-D2B7ACD08501}.Debug|Mixed Platforms.Build.0 = Debug|Any CPU
		{2D50DF76-D3C9-41AF-924A-D2B7ACD08501}.Debug|x86.ActiveCfg = Debug|Any CPU
		{2D50DF76-D3C9-41AF-924A-D2B7ACD08501}.Release|Any CPU.ActiveCfg = Release|Any CPU
		{2D50DF76-D3C9-41AF-924A-D2B7ACD08501}.Release|Any CPU.Build.0 = Release|Any CPU
		{2D50DF76-D3C9-41AF-924A-D2B7ACD08501}.Release|Mixed Platforms.ActiveCfg = Release|Any CPU
		{2D50DF76-D3C9-41AF-924A-D2B7ACD08501}.Release|Mixed Platforms.Build.0 = Release|Any CPU
		{2D50DF76-D3C9-41AF-924A-D2B7ACD08501}.Release|x86.ActiveCfg = Release|Any CPU
		{F79B7D6B-843E-4FFF-A78F-2B1BD07CFF0B}.Debug|Any CPU.ActiveCfg = Debug|Any CPU
		{F79B7D6B-843E-4FFF-A78F-2B1BD07CFF0B}.Debug|Any CPU.Build.0 = Debug|Any CPU
		{F79B7D6B-843E-4FFF-A78F-2B1BD07CFF0B}.Debug|Mixed Platforms.ActiveCfg = Debug|Any CPU
		{F79B7D6B-843E-4FFF-A78F-2B1BD07CFF0B}.Debug|Mixed Platforms.Build.0 = Debug|Any CPU
		{F79B7D6B-843E-4FFF-A78F-2B1BD07CFF0B}.Debug|x86.ActiveCfg = Debug|Any CPU
		{F79B7D6B-843E-4FFF-A78F-2B1BD07CFF0B}.Release|Any CPU.ActiveCfg = Release|Any CPU
		{F79B7D6B-843E-4FFF-A78F-2B1BD07CFF0B}.Release|Any CPU.Build.0 = Release|Any CPU
		{F79B7D6B-843E-4FFF-A78F-2B1BD07CFF0B}.Release|Mixed Platforms.ActiveCfg = Release|Any CPU
		{F79B7D6B-843E-4FFF-A78F-2B1BD07CFF0B}.Release|Mixed Platforms.Build.0 = Release|Any CPU
		{F79B7D6B-843E-4FFF-A78F-2B1BD07CFF0B}.Release|x86.ActiveCfg = Release|Any CPU
		{1324F4CA-C6CF-46E3-A9CD-C73891772446}.Debug|Any CPU.ActiveCfg = Debug|Any CPU
		{1324F4CA-C6CF-46E3-A9CD-C73891772446}.Debug|Any CPU.Build.0 = Debug|Any CPU
		{1324F4CA-C6CF-46E3-A9CD-C73891772446}.Debug|Mixed Platforms.ActiveCfg = Debug|Any CPU
		{1324F4CA-C6CF-46E3-A9CD-C73891772446}.Debug|Mixed Platforms.Build.0 = Debug|Any CPU
		{1324F4CA-C6CF-46E3-A9CD-C73891772446}.Debug|x86.ActiveCfg = Debug|Any CPU
		{1324F4CA-C6CF-46E3-A9CD-C73891772446}.Release|Any CPU.ActiveCfg = Release|Any CPU
		{1324F4CA-C6CF-46E3-A9CD-C73891772446}.Release|Any CPU.Build.0 = Release|Any CPU
		{1324F4CA-C6CF-46E3-A9CD-C73891772446}.Release|Mixed Platforms.ActiveCfg = Release|Any CPU
		{1324F4CA-C6CF-46E3-A9CD-C73891772446}.Release|Mixed Platforms.Build.0 = Release|Any CPU
		{1324F4CA-C6CF-46E3-A9CD-C73891772446}.Release|x86.ActiveCfg = Release|Any CPU
		{203BC5B3-FB8B-45D6-AFC3-317E7C25C0D1}.Debug|Any CPU.ActiveCfg = Debug|Any CPU
		{203BC5B3-FB8B-45D6-AFC3-317E7C25C0D1}.Debug|Any CPU.Build.0 = Debug|Any CPU
		{203BC5B3-FB8B-45D6-AFC3-317E7C25C0D1}.Debug|Mixed Platforms.ActiveCfg = Debug|Any CPU
		{203BC5B3-FB8B-45D6-AFC3-317E7C25C0D1}.Debug|Mixed Platforms.Build.0 = Debug|Any CPU
		{203BC5B3-FB8B-45D6-AFC3-317E7C25C0D1}.Debug|x86.ActiveCfg = Debug|Any CPU
		{203BC5B3-FB8B-45D6-AFC3-317E7C25C0D1}.Release|Any CPU.ActiveCfg = Release|Any CPU
		{203BC5B3-FB8B-45D6-AFC3-317E7C25C0D1}.Release|Any CPU.Build.0 = Release|Any CPU
		{203BC5B3-FB8B-45D6-AFC3-317E7C25C0D1}.Release|Mixed Platforms.ActiveCfg = Release|Any CPU
		{203BC5B3-FB8B-45D6-AFC3-317E7C25C0D1}.Release|Mixed Platforms.Build.0 = Release|Any CPU
		{203BC5B3-FB8B-45D6-AFC3-317E7C25C0D1}.Release|x86.ActiveCfg = Release|Any CPU
		{4CBDA668-FDD4-451D-B464-D597CEC6055B}.Debug|Any CPU.ActiveCfg = Debug|Any CPU
		{4CBDA668-FDD4-451D-B464-D597CEC6055B}.Debug|Any CPU.Build.0 = Debug|Any CPU
		{4CBDA668-FDD4-451D-B464-D597CEC6055B}.Debug|Mixed Platforms.ActiveCfg = Debug|Any CPU
		{4CBDA668-FDD4-451D-B464-D597CEC6055B}.Debug|Mixed Platforms.Build.0 = Debug|Any CPU
		{4CBDA668-FDD4-451D-B464-D597CEC6055B}.Debug|x86.ActiveCfg = Debug|Any CPU
		{4CBDA668-FDD4-451D-B464-D597CEC6055B}.Release|Any CPU.ActiveCfg = Release|Any CPU
		{4CBDA668-FDD4-451D-B464-D597CEC6055B}.Release|Any CPU.Build.0 = Release|Any CPU
		{4CBDA668-FDD4-451D-B464-D597CEC6055B}.Release|Mixed Platforms.ActiveCfg = Release|Any CPU
		{4CBDA668-FDD4-451D-B464-D597CEC6055B}.Release|Mixed Platforms.Build.0 = Release|Any CPU
		{4CBDA668-FDD4-451D-B464-D597CEC6055B}.Release|x86.ActiveCfg = Release|Any CPU
		{CC85E4FB-2CAA-425D-8724-F38DD6B8D4F5}.Debug|Any CPU.ActiveCfg = Debug|Any CPU
		{CC85E4FB-2CAA-425D-8724-F38DD6B8D4F5}.Debug|Any CPU.Build.0 = Debug|Any CPU
		{CC85E4FB-2CAA-425D-8724-F38DD6B8D4F5}.Debug|Mixed Platforms.ActiveCfg = Debug|Any CPU
		{CC85E4FB-2CAA-425D-8724-F38DD6B8D4F5}.Debug|Mixed Platforms.Build.0 = Debug|Any CPU
		{CC85E4FB-2CAA-425D-8724-F38DD6B8D4F5}.Debug|x86.ActiveCfg = Debug|Any CPU
		{CC85E4FB-2CAA-425D-8724-F38DD6B8D4F5}.Release|Any CPU.ActiveCfg = Release|Any CPU
		{CC85E4FB-2CAA-425D-8724-F38DD6B8D4F5}.Release|Any CPU.Build.0 = Release|Any CPU
		{CC85E4FB-2CAA-425D-8724-F38DD6B8D4F5}.Release|Mixed Platforms.ActiveCfg = Release|Any CPU
		{CC85E4FB-2CAA-425D-8724-F38DD6B8D4F5}.Release|Mixed Platforms.Build.0 = Release|Any CPU
		{CC85E4FB-2CAA-425D-8724-F38DD6B8D4F5}.Release|x86.ActiveCfg = Release|Any CPU
	EndGlobalSection
	GlobalSection(SolutionProperties) = preSolution
		HideSolutionNode = FALSE
	EndGlobalSection
	GlobalSection(NestedProjects) = preSolution
		{20832D7E-6EF3-4D64-9392-8AE5BAB399E0} = {84692553-855B-4384-9D7B-A0C085810F34}
		{780C5E02-8E9A-4F36-8B26-6D2C5B0395C3} = {84692553-855B-4384-9D7B-A0C085810F34}
		{192C1062-AE82-43B3-AB62-AABF42D3D6BF} = {811345CA-4176-47B0-ADA0-84F41750ACC9}
		{CA8B90BA-D384-4582-82CC-0273E9C26438} = {9BD38749-9203-4CAB-8BA3-A0FECB676D7B}
		{8B2261C8-E47D-4209-B45D-E812E85F334D} = {F9F5865B-0431-4FA3-A6ED-D18644FD4D27}
		{BD9B2B3A-98F3-4D74-8CC5-7768D500317A} = {72FEC224-5140-4484-8071-85E2C0AFE9EC}
		{C8C5A2D0-135A-49F5-9159-AB251352F1F5} = {811345CA-4176-47B0-ADA0-84F41750ACC9}
		{1BD9A071-F4CB-4CCD-9D57-77D597E3A759} = {811345CA-4176-47B0-ADA0-84F41750ACC9}
		{8BEB475A-E4AC-4BB8-B7F6-3AFD109D695D} = {2F0D23B3-13BA-431B-9085-ECF6122C6DEC}
		{4C504FC9-96FA-47C3-877D-EAD43919F22E} = {E6C034D9-08EB-4D50-876A-2C7DEFA991FF}
		{F2D6F951-234E-49B6-9345-EA08289C5D2C} = {2F0D23B3-13BA-431B-9085-ECF6122C6DEC}
		{BDBC3A19-F7CA-4C54-9073-DD46A3E5E589} = {E6C034D9-08EB-4D50-876A-2C7DEFA991FF}
		{2D50DF76-D3C9-41AF-924A-D2B7ACD08501} = {811345CA-4176-47B0-ADA0-84F41750ACC9}
		{1324F4CA-C6CF-46E3-A9CD-C73891772446} = {2F0D23B3-13BA-431B-9085-ECF6122C6DEC}
		{4CBDA668-FDD4-451D-B464-D597CEC6055B} = {E6C034D9-08EB-4D50-876A-2C7DEFA991FF}
		{CC85E4FB-2CAA-425D-8724-F38DD6B8D4F5} = {2F0D23B3-13BA-431B-9085-ECF6122C6DEC}
	EndGlobalSection
EndGlobal
